
Microsoft Visual Studio Solution File, Format Version 12.00
# Visual Studio Version 16
VisualStudioVersion = 16.0.31129.286
MinimumVisualStudioVersion = 10.0.40219.1
Project("{FAE04EC0-301F-11D3-BF4B-00C04F79EFBC}") = "backEndWeb1", "backEndWeb1\backEndWeb1.csproj", "{50BFFE39-C157-4122-BEAB-6B9E33C26518}"
EndProject
Global
	GlobalSection(SolutionConfigurationPlatforms) = preSolution
		Debug|Any CPU = Debug|Any CPU
		Release|Any CPU = Release|Any CPU
	EndGlobalSection
	GlobalSection(ProjectConfigurationPlatforms) = postSolution
		{50BFFE39-C157-4122-BEAB-6B9E33C26518}.Debug|Any CPU.ActiveCfg = Debug|Any CPU
		{50BFFE39-C157-4122-BEAB-6B9E33C26518}.Debug|Any CPU.Build.0 = Debug|Any CPU
		{50BFFE39-C157-4122-BEAB-6B9E33C26518}.Release|Any CPU.ActiveCfg = Release|Any CPU
		{50BFFE39-C157-4122-BEAB-6B9E33C26518}.Release|Any CPU.Build.0 = Release|Any CPU
	EndGlobalSection
	GlobalSection(SolutionProperties) = preSolution
		HideSolutionNode = FALSE
	EndGlobalSection
	GlobalSection(ExtensibilityGlobals) = postSolution
		SolutionGuid = {8BB2D55D-D21F-4338-AA81-BA24EB5DEE20}
	EndGlobalSection
EndGlobal
